
Microsoft Visual Studio Solution File, Format Version 12.00
# Visual Studio Version 16
VisualStudioVersion = 16.0.30804.86
MinimumVisualStudioVersion = 10.0.40219.1
Project("{FAE04EC0-301F-11D3-BF4B-00C04F79EFBC}") = "DotNet5-Swagger_API-RabbitMQ_Sender.WebAPI", "DotNet5-Swagger_API-RabbitMQ_Sender.WebAPI\DotNet5-Swagger_API-RabbitMQ_Sender.WebAPI.csproj", "{C458417B-17B6-4C79-8DBA-B0B9CD424F79}"
EndProject
Project("{2150E333-8FDC-42A3-9474-1A3956D46DE8}") = "Application", "Application", "{F73AF509-4160-4B8F-BE60-C889A4B8247D}"
EndProject
Global
	GlobalSection(SolutionConfigurationPlatforms) = preSolution
		Debug|Any CPU = Debug|Any CPU
		Release|Any CPU = Release|Any CPU
	EndGlobalSection
	GlobalSection(ProjectConfigurationPlatforms) = postSolution
		{C458417B-17B6-4C79-8DBA-B0B9CD424F79}.Debug|Any CPU.ActiveCfg = Debug|Any CPU
		{C458417B-17B6-4C79-8DBA-B0B9CD424F79}.Debug|Any CPU.Build.0 = Debug|Any CPU
		{C458417B-17B6-4C79-8DBA-B0B9CD424F79}.Release|Any CPU.ActiveCfg = Release|Any CPU
		{C458417B-17B6-4C79-8DBA-B0B9CD424F79}.Release|Any CPU.Build.0 = Release|Any CPU
	EndGlobalSection
	GlobalSection(SolutionProperties) = preSolution
		HideSolutionNode = FALSE
	EndGlobalSection
	GlobalSection(NestedProjects) = preSolution
		{C458417B-17B6-4C79-8DBA-B0B9CD424F79} = {F73AF509-4160-4B8F-BE60-C889A4B8247D}
	EndGlobalSection
	GlobalSection(ExtensibilityGlobals) = postSolution
		SolutionGuid = {8EB1455B-6786-4AFB-AAE7-29C79CDB9A1A}
	EndGlobalSection
EndGlobal
